<?xml version="1.0" encoding="utf-8"?>
<Project ToolsVersion="4.0" xmlns="http://schemas.microsoft.com/developer/msbuild/2003">
  <ItemGroup>
    <ClCompile Include="Source\Log.cpp">
      <Filter>Utils</Filter>
    </ClCompile>
    <ClCompile Include="Source\External\PugiXml\src\pugixml.cpp">
      <Filter>External\PugiXml</Filter>
    </ClCompile>
    <ClCompile Include="Source\Main.cpp">
      <Filter>Aplication</Filter>
    </ClCompile>
    <ClCompile Include="Source\App.cpp">
      <Filter>Aplication</Filter>
    </ClCompile>
    <ClCompile Include="Source\Audio.cpp">
      <Filter>Modules\Core</Filter>
    </ClCompile>
    <ClCompile Include="Source\FadeToBlack.cpp">
      <Filter>Modules\Core</Filter>
    </ClCompile>
    <ClCompile Include="Source\Input.cpp">
      <Filter>Modules\Core</Filter>
    </ClCompile>
    <ClCompile Include="Source\Render.cpp">
      <Filter>Modules\Core</Filter>
    </ClCompile>
    <ClCompile Include="Source\Textures.cpp">
      <Filter>Modules\Core</Filter>
    </ClCompile>
    <ClCompile Include="Source\Window.cpp">
      <Filter>Modules\Core</Filter>
    </ClCompile>
    <ClCompile Include="Source\Ending.cpp">
      <Filter>Modules\Scenes</Filter>
    </ClCompile>
    <ClCompile Include="Source\Logo.cpp">
      <Filter>Modules\Scenes</Filter>
    </ClCompile>
    <ClCompile Include="Source\Scene.cpp">
      <Filter>Modules\Scenes</Filter>
    </ClCompile>
    <ClCompile Include="Source\Title.cpp">
      <Filter>Modules\Scenes</Filter>
    </ClCompile>
    <ClCompile Include="Source\EntityManager.cpp">
      <Filter>Modules\Gameplay</Filter>
    </ClCompile>
    <ClCompile Include="Source\Item.cpp">
      <Filter>Modules\Gameplay</Filter>
    </ClCompile>
    <ClCompile Include="Source\Map.cpp">
      <Filter>Modules\Gameplay</Filter>
    </ClCompile>
    <ClCompile Include="Source\Physics.cpp">
      <Filter>Modules\Gameplay</Filter>
    </ClCompile>
    <ClCompile Include="Source\Player.cpp">
      <Filter>Modules\Gameplay</Filter>
    </ClCompile>
  </ItemGroup>
  <ItemGroup>
    <ClInclude Include="Source\Defs.h">
      <Filter>Utils</Filter>
    </ClInclude>
    <ClInclude Include="Source\DynArray.h">
      <Filter>Utils</Filter>
    </ClInclude>
    <ClInclude Include="Source\List.h">
      <Filter>Utils</Filter>
    </ClInclude>
    <ClInclude Include="Source\Log.h">
      <Filter>Utils</Filter>
    </ClInclude>
    <ClInclude Include="Source\Point.h">
      <Filter>Utils</Filter>
    </ClInclude>
    <ClInclude Include="Source\SString.h">
      <Filter>Utils</Filter>
    </ClInclude>
    <ClInclude Include="Source\External\PugiXml\src\pugiconfig.hpp">
      <Filter>External\PugiXml</Filter>
    </ClInclude>
    <ClInclude Include="Source\External\PugiXml\src\pugixml.hpp">
      <Filter>External\PugiXml</Filter>
    </ClInclude>
    <ClInclude Include="Source\Queue.h">
      <Filter>Utils</Filter>
    </ClInclude>
    <ClInclude Include="Source\Animation.h" />
    <ClInclude Include="Source\App.h">
      <Filter>Aplication</Filter>
    </ClInclude>
    <ClInclude Include="Source\Module.h">
      <Filter>Modules</Filter>
    </ClInclude>
    <ClInclude Include="Source\Audio.h">
      <Filter>Modules\Core</Filter>
    </ClInclude>
    <ClInclude Include="Source\FadeToBlack.h">
      <Filter>Modules\Core</Filter>
    </ClInclude>
    <ClInclude Include="Source\Input.h">
      <Filter>Modules\Core</Filter>
    </ClInclude>
    <ClInclude Include="Source\Render.h">
      <Filter>Modules\Core</Filter>
    </ClInclude>
    <ClInclude Include="Source\Textures.h">
      <Filter>Modules\Core</Filter>
    </ClInclude>
    <ClInclude Include="Source\Window.h">
      <Filter>Modules\Core</Filter>
    </ClInclude>
    <ClInclude Include="Source\Ending.h">
      <Filter>Modules\Scenes</Filter>
    </ClInclude>
    <ClInclude Include="Source\Logo.h">
      <Filter>Modules\Scenes</Filter>
    </ClInclude>
    <ClInclude Include="Source\Scene.h">
      <Filter>Modules\Scenes</Filter>
    </ClInclude>
    <ClInclude Include="Source\Title.h">
      <Filter>Modules\Scenes</Filter>
    </ClInclude>
    <ClInclude Include="Source\Entity.h">
      <Filter>Modules\Gameplay</Filter>
    </ClInclude>
    <ClInclude Include="Source\EntityManager.h">
      <Filter>Modules\Gameplay</Filter>
    </ClInclude>
    <ClInclude Include="Source\Item.h">
      <Filter>Modules\Gameplay</Filter>
    </ClInclude>
    <ClInclude Include="Source\Map.h">
      <Filter>Modules\Gameplay</Filter>
    </ClInclude>
    <ClInclude Include="Source\Physics.h">
      <Filter>Modules\Gameplay</Filter>
    </ClInclude>
    <ClInclude Include="Source\Player.h">
      <Filter>Modules\Gameplay</Filter>
    </ClInclude>
  </ItemGroup>
  <ItemGroup>
    <Filter Include="External">
      <UniqueIdentifier>{83a966c7-b4bb-4eff-9c2c-3ff3c7b55a60}</UniqueIdentifier>
    </Filter>
    <Filter Include="Utils">
      <UniqueIdentifier>{2cad778a-d356-48b0-9fee-587f1bbb187e}</UniqueIdentifier>
    </Filter>
    <Filter Include="External\PugiXml">
      <UniqueIdentifier>{2855ff7f-53a1-413d-a75b-18b4ade921dd}</UniqueIdentifier>
    </Filter>
    <Filter Include="Aplication">
      <UniqueIdentifier>{fffe5e9b-047a-4aed-a6e5-68b3d32e676a}</UniqueIdentifier>
    </Filter>
    <Filter Include="Modules">
      <UniqueIdentifier>{4abe0203-4bcc-49ae-8f3c-50e56deac078}</UniqueIdentifier>
    </Filter>
    <Filter Include="Modules\Core">
      <UniqueIdentifier>{f20a3cf1-b770-4d1b-b002-553b8215590b}</UniqueIdentifier>
    </Filter>
    <Filter Include="Modules\Gameplay">
      <UniqueIdentifier>{050ba2d3-8161-49f1-8015-e9c8cae0622f}</UniqueIdentifier>
    </Filter>
    <Filter Include="Modules\Scenes">
      <UniqueIdentifier>{1d52225b-5837-41ff-be7c-d8c566c359ca}</UniqueIdentifier>
    </Filter>
  </ItemGroup>
</Project>